
Microsoft Visual Studio Solution File, Format Version 12.00
# Visual Studio Version 16
VisualStudioVersion = 16.0.32630.194
MinimumVisualStudioVersion = 10.0.40219.1
Project("{FAE04EC0-301F-11D3-BF4B-00C04F79EFBC}") = "SQl_Day_05", "SQl_Day_05.csproj", "{C0F13DFB-B9B9-4646-9238-733CAC9FE711}"
EndProject
Global
	GlobalSection(SolutionConfigurationPlatforms) = preSolution
		Debug|Any CPU = Debug|Any CPU
		Release|Any CPU = Release|Any CPU
	EndGlobalSection
	GlobalSection(ProjectConfigurationPlatforms) = postSolution
		{C0F13DFB-B9B9-4646-9238-733CAC9FE711}.Debug|Any CPU.ActiveCfg = Debug|Any CPU
		{C0F13DFB-B9B9-4646-9238-733CAC9FE711}.Debug|Any CPU.Build.0 = Debug|Any CPU
		{C0F13DFB-B9B9-4646-9238-733CAC9FE711}.Release|Any CPU.ActiveCfg = Release|Any CPU
		{C0F13DFB-B9B9-4646-9238-733CAC9FE711}.Release|Any CPU.Build.0 = Release|Any CPU
	EndGlobalSection
	GlobalSection(SolutionProperties) = preSolution
		HideSolutionNode = FALSE
	EndGlobalSection
	GlobalSection(ExtensibilityGlobals) = postSolution
		SolutionGuid = {45235765-6035-4535-A4B2-C8C97215D70C}
	EndGlobalSection
EndGlobal
